// !$*UTF8*$!
{
	archiveVersion = 1;
	classes = {
	};
	objectVersion = 60;
	objects = {

/* Begin PBXBuildFile section */
		30CCBF233000391900035C14 /* CustomCells.swift in Sources */ = {isa = PBXBuildFile; fileRef = 30CCBEB83000391900035C14 /* CustomCells.swift */; };
		30CCBF243000391900035C14 /* DesignSystem.swift in Sources */ = {isa = PBXBuildFile; fileRef = 30CCBEB93000391900035C14 /* DesignSystem.swift */; };
		30CCBF253000391900035C14 /* EmptyStateView.swift in Sources */ = {isa = PBXBuildFile; fileRef = 30CCBEBA3000391900035C14 /* EmptyStateView.swift */; };
		30CCBF263000391900035C14 /* GradientBackground.swift in Sources */ = {isa = PBXBuildFile; fileRef = 30CCBEBB3000391900035C14 /* GradientBackground.swift */; };
		30CCBF273000391900035C14 /* RevealExperienceView.swift in Sources */ = {isa = PBXBuildFile; fileRef = 30CCBEBC3000391900035C14 /* RevealExperienceView.swift */; };
		30CCBF283000391900035C14 /* ShareSheet.swift in Sources */ = {isa = PBXBuildFile; fileRef = 30CCBEBD3000391900035C14 /* ShareSheet.swift */; };
		30CCBF293000391900035C14 /* StatusBadgeView.swift in Sources */ = {isa = PBXBuildFile; fileRef = 30CCBEBE3000391900035C14 /* StatusBadgeView.swift */; };
		30CCBF2A3000391900035C14 /* VisualEffects.swift in Sources */ = {isa = PBXBuildFile; fileRef = 30CCBEBF3000391900035C14 /* VisualEffects.swift */; };
		30CCBF2B3000391900035C14 /* Color+Theme.swift in Sources */ = {isa = PBXBuildFile; fileRef = 30CCBEC13000391900035C14 /* Color+Theme.swift */; };
		30CCBF2C3000391900035C14 /* Formatters.swift in Sources */ = {isa = PBXBuildFile; fileRef = 30CCBEC23000391900035C14 /* Formatters.swift */; };
		30CCBF2D3000391900035C14 /* View+Navigation.swift in Sources */ = {isa = PBXBuildFile; fileRef = 30CCBEC33000391900035C14 /* View+Navigation.swift */; };
		30CCBF2E3000391900035C14 /* AppLinks.swift in Sources */ = {isa = PBXBuildFile; fileRef = 30CCBEC53000391900035C14 /* AppLinks.swift */; };
		30CCBF2F3000391900035C14 /* AppCoordinator.swift in Sources */ = {isa = PBXBuildFile; fileRef = 30CCBEC73000391900035C14 /* AppCoordinator.swift */; };
		30CCBF303000391900035C14 /* CalendarGateEvaluator.swift in Sources */ = {isa = PBXBuildFile; fileRef = 30CCBEC93000391900035C14 /* CalendarGateEvaluator.swift */; };
		30CCBF313000391900035C14 /* DeferredLaunchCanvas.swift in Sources */ = {isa = PBXBuildFile; fileRef = 30CCBECA3000391900035C14 /* DeferredLaunchCanvas.swift */; };
		30CCBF323000391900035C14 /* LaunchDestination.swift in Sources */ = {isa = PBXBuildFile; fileRef = 30CCBECB3000391900035C14 /* LaunchDestination.swift */; };
		30CCBF333000391900035C14 /* LaunchFlowResolver.swift in Sources */ = {isa = PBXBuildFile; fileRef = 30CCBECC3000391900035C14 /* LaunchFlowResolver.swift */; };
		30CCBF343000391900035C14 /* LaunchFlowSecrets.swift in Sources */ = {isa = PBXBuildFile; fileRef = 30CCBECD3000391900035C14 /* LaunchFlowSecrets.swift */; };
		30CCBF353000391900035C14 /* LaunchSessionStore.swift in Sources */ = {isa = PBXBuildFile; fileRef = 30CCBECE3000391900035C14 /* LaunchSessionStore.swift */; };
		30CCBF363000391900035C14 /* LaunchStagingState.swift in Sources */ = {isa = PBXBuildFile; fileRef = 30CCBECF3000391900035C14 /* LaunchStagingState.swift */; };
		30CCBF373000391900035C14 /* RemoteEntryProbe.swift in Sources */ = {isa = PBXBuildFile; fileRef = 30CCBED03000391900035C14 /* RemoteEntryProbe.swift */; };
		30CCBF383000391900035C14 /* RemoteEntryURLComposer.swift in Sources */ = {isa = PBXBuildFile; fileRef = 30CCBED13000391900035C14 /* RemoteEntryURLComposer.swift */; };
		30CCBF393000391900035C14 /* RootWindowPresenter.swift in Sources */ = {isa = PBXBuildFile; fileRef = 30CCBED23000391900035C14 /* RootWindowPresenter.swift */; };
		30CCBF3A3000391900035C14 /* WebDocumentSurfaceView.swift in Sources */ = {isa = PBXBuildFile; fileRef = 30CCBED33000391900035C14 /* WebDocumentSurfaceView.swift */; };
		30CCBF3B3000391900035C14 /* AnonymousHint.swift in Sources */ = {isa = PBXBuildFile; fileRef = 30CCBED53000391900035C14 /* AnonymousHint.swift */; };
		30CCBF3C3000391900035C14 /* AssignmentRules.swift in Sources */ = {isa = PBXBuildFile; fileRef = 30CCBED63000391900035C14 /* AssignmentRules.swift */; };
		30CCBF3D3000391900035C14 /* Event.swift in Sources */ = {isa = PBXBuildFile; fileRef = 30CCBED73000391900035C14 /* Event.swift */; };
		30CCBF3E3000391900035C14 /* EventStatus.swift in Sources */ = {isa = PBXBuildFile; fileRef = 30CCBED83000391900035C14 /* EventStatus.swift */; };
		30CCBF3F3000391900035C14 /* EventTransferPayload.swift in Sources */ = {isa = PBXBuildFile; fileRef = 30CCBED93000391900035C14 /* EventTransferPayload.swift */; };
		30CCBF403000391900035C14 /* ExchangePreset.swift in Sources */ = {isa = PBXBuildFile; fileRef = 30CCBEDA3000391900035C14 /* ExchangePreset.swift */; };
		30CCBF413000391900035C14 /* GiftAssignment.swift in Sources */ = {isa = PBXBuildFile; fileRef = 30CCBEDB3000391900035C14 /* GiftAssignment.swift */; };
		30CCBF423000391900035C14 /* OnboardingPage.swift in Sources */ = {isa = PBXBuildFile; fileRef = 30CCBEDC3000391900035C14 /* OnboardingPage.swift */; };
		30CCBF433000391900035C14 /* Participant.swift in Sources */ = {isa = PBXBuildFile; fileRef = 30CCBEDD3000391900035C14 /* Participant.swift */; };
		30CCBF443000391900035C14 /* RevealSettings.swift in Sources */ = {isa = PBXBuildFile; fileRef = 30CCBEDE3000391900035C14 /* RevealSettings.swift */; };
		30CCBF453000391900035C14 /* WishItem.swift in Sources */ = {isa = PBXBuildFile; fileRef = 30CCBEDF3000391900035C14 /* WishItem.swift */; };
		30CCBF463000391900035C14 /* ExportService.swift in Sources */ = {isa = PBXBuildFile; fileRef = 30CCBEE13000391900035C14 /* ExportService.swift */; };
		30CCBF473000391900035C14 /* NotificationService.swift in Sources */ = {isa = PBXBuildFile; fileRef = 30CCBEE23000391900035C14 /* NotificationService.swift */; };
		30CCBF483000391900035C14 /* OnboardingService.swift in Sources */ = {isa = PBXBuildFile; fileRef = 30CCBEE33000391900035C14 /* OnboardingService.swift */; };
		30CCBF493000391900035C14 /* PairHistoryService.swift in Sources */ = {isa = PBXBuildFile; fileRef = 30CCBEE43000391900035C14 /* PairHistoryService.swift */; };
		30CCBF4A3000391900035C14 /* QRTransferService.swift in Sources */ = {isa = PBXBuildFile; fileRef = 30CCBEE53000391900035C14 /* QRTransferService.swift */; };
		30CCBF4B3000391900035C14 /* SecretSantaEngine.swift in Sources */ = {isa = PBXBuildFile; fileRef = 30CCBEE63000391900035C14 /* SecretSantaEngine.swift */; };
		30CCBF4C3000391900035C14 /* StorageService.swift in Sources */ = {isa = PBXBuildFile; fileRef = 30CCBEE73000391900035C14 /* StorageService.swift */; };
		30CCBF4D3000391900035C14 /* AssignmentResultViewModel.swift in Sources */ = {isa = PBXBuildFile; fileRef = 30CCBEEA3000391900035C14 /* AssignmentResultViewModel.swift */; };
		30CCBF4E3000391900035C14 /* EventDetailViewModel.swift in Sources */ = {isa = PBXBuildFile; fileRef = 30CCBEEB3000391900035C14 /* EventDetailViewModel.swift */; };
		30CCBF4F3000391900035C14 /* EventFormViewModel.swift in Sources */ = {isa = PBXBuildFile; fileRef = 30CCBEEC3000391900035C14 /* EventFormViewModel.swift */; };
		30CCBF503000391900035C14 /* EventListViewModel.swift in Sources */ = {isa = PBXBuildFile; fileRef = 30CCBEED3000391900035C14 /* EventListViewModel.swift */; };
		30CCBF513000391900035C14 /* EventRulesViewModel.swift in Sources */ = {isa = PBXBuildFile; fileRef = 30CCBEEE3000391900035C14 /* EventRulesViewModel.swift */; };
		30CCBF523000391900035C14 /* ExportViewModel.swift in Sources */ = {isa = PBXBuildFile; fileRef = 30CCBEEF3000391900035C14 /* ExportViewModel.swift */; };
		30CCBF533000391900035C14 /* HintsViewModel.swift in Sources */ = {isa = PBXBuildFile; fileRef = 30CCBEF03000391900035C14 /* HintsViewModel.swift */; };
		30CCBF543000391900035C14 /* HomeViewModel.swift in Sources */ = {isa = PBXBuildFile; fileRef = 30CCBEF13000391900035C14 /* HomeViewModel.swift */; };
		30CCBF553000391900035C14 /* OnboardingViewModel.swift in Sources */ = {isa = PBXBuildFile; fileRef = 30CCBEF23000391900035C14 /* OnboardingViewModel.swift */; };
		30CCBF563000391900035C14 /* ParticipantFormViewModel.swift in Sources */ = {isa = PBXBuildFile; fileRef = 30CCBEF33000391900035C14 /* ParticipantFormViewModel.swift */; };
		30CCBF573000391900035C14 /* SettingsViewModel.swift in Sources */ = {isa = PBXBuildFile; fileRef = 30CCBEF43000391900035C14 /* SettingsViewModel.swift */; };
		30CCBF583000391900035C14 /* WishListViewModel.swift in Sources */ = {isa = PBXBuildFile; fileRef = 30CCBEF53000391900035C14 /* WishListViewModel.swift */; };
		30CCBF593000391900035C14 /* AssignmentResultView.swift in Sources */ = {isa = PBXBuildFile; fileRef = 30CCBEF73000391900035C14 /* AssignmentResultView.swift */; };
		30CCBF5A3000391900035C14 /* AssignmentView.swift in Sources */ = {isa = PBXBuildFile; fileRef = 30CCBEF93000391900035C14 /* AssignmentView.swift */; };
		30CCBF5B3000391900035C14 /* EventDetailView.swift in Sources */ = {isa = PBXBuildFile; fileRef = 30CCBEFA3000391900035C14 /* EventDetailView.swift */; };
		30CCBF5C3000391900035C14 /* ParticipantListView.swift in Sources */ = {isa = PBXBuildFile; fileRef = 30CCBEFB3000391900035C14 /* ParticipantListView.swift */; };
		30CCBF5D3000391900035C14 /* EventFormView.swift in Sources */ = {isa = PBXBuildFile; fileRef = 30CCBEFD3000391900035C14 /* EventFormView.swift */; };
		30CCBF5E3000391900035C14 /* EventListView.swift in Sources */ = {isa = PBXBuildFile; fileRef = 30CCBEFF3000391900035C14 /* EventListView.swift */; };
		30CCBF5F3000391900035C14 /* EventRulesView.swift in Sources */ = {isa = PBXBuildFile; fileRef = 30CCBF013000391900035C14 /* EventRulesView.swift */; };
		30CCBF603000391900035C14 /* ExportView.swift in Sources */ = {isa = PBXBuildFile; fileRef = 30CCBF033000391900035C14 /* ExportView.swift */; };
		30CCBF613000391900035C14 /* HintsView.swift in Sources */ = {isa = PBXBuildFile; fileRef = 30CCBF053000391900035C14 /* HintsView.swift */; };
		30CCBF623000391900035C14 /* HomeWidgets.swift in Sources */ = {isa = PBXBuildFile; fileRef = 30CCBF073000391900035C14 /* HomeWidgets.swift */; };
		30CCBF633000391900035C14 /* OrganizerDashboardView.swift in Sources */ = {isa = PBXBuildFile; fileRef = 30CCBF083000391900035C14 /* OrganizerDashboardView.swift */; };
		30CCBF643000391900035C14 /* HomeView.swift in Sources */ = {isa = PBXBuildFile; fileRef = 30CCBF0A3000391900035C14 /* HomeView.swift */; };
		30CCBF653000391900035C14 /* OnboardingPageView.swift in Sources */ = {isa = PBXBuildFile; fileRef = 30CCBF0C3000391900035C14 /* OnboardingPageView.swift */; };
		30CCBF663000391900035C14 /* OnboardingView.swift in Sources */ = {isa = PBXBuildFile; fileRef = 30CCBF0E3000391900035C14 /* OnboardingView.swift */; };
		30CCBF673000391900035C14 /* ParticipantFormView.swift in Sources */ = {isa = PBXBuildFile; fileRef = 30CCBF103000391900035C14 /* ParticipantFormView.swift */; };
		30CCBF683000391900035C14 /* SettingsView.swift in Sources */ = {isa = PBXBuildFile; fileRef = 30CCBF123000391900035C14 /* SettingsView.swift */; };
		30CCBF693000391900035C14 /* WishListView.swift in Sources */ = {isa = PBXBuildFile; fileRef = 30CCBF143000391900035C14 /* WishListView.swift */; };
		30CCBF6A3000391900035C14 /* AppDelegate.swift in Sources */ = {isa = PBXBuildFile; fileRef = 30CCBF183000391900035C14 /* AppDelegate.swift */; };
		30CCBF6B3000391900035C14 /* ContentView.swift in Sources */ = {isa = PBXBuildFile; fileRef = 30CCBF1A3000391900035C14 /* ContentView.swift */; };
		30CCBF6C3000391900035C14 /* SceneDelegate.swift in Sources */ = {isa = PBXBuildFile; fileRef = 30CCBF203000391900035C14 /* SceneDelegate.swift */; };
		30CCBF6D3000391900035C14 /* ViewController.swift in Sources */ = {isa = PBXBuildFile; fileRef = 30CCBF213000391900035C14 /* ViewController.swift */; };
		30CCBF6E3000391900035C14 /* Assets.xcassets in Resources */ = {isa = PBXBuildFile; fileRef = 30CCBF193000391900035C14 /* Assets.xcassets */; };
		30CCBF703000391900035C14 /* LaunchScreen.storyboard in Resources */ = {isa = PBXBuildFile; fileRef = 30CCBF1D3000391900035C14 /* LaunchScreen.storyboard */; };
		30CCBF713000391900035C14 /* Main.storyboard in Resources */ = {isa = PBXBuildFile; fileRef = 30CCBF1F3000391900035C14 /* Main.storyboard */; };
/* End PBXBuildFile section */

/* Begin PBXFileReference section */
		305963FA2FEF16280073B16B /* 193SecretSanta.app */ = {isa = PBXFileReference; explicitFileType = wrapper.application; includeInIndex = 0; path = 193SecretSanta.app; sourceTree = BUILT_PRODUCTS_DIR; };
		30CCBEB83000391900035C14 /* CustomCells.swift */ = {isa = PBXFileReference; lastKnownFileType = sourcecode.swift; path = CustomCells.swift; sourceTree = "<group>"; };
		30CCBEB93000391900035C14 /* DesignSystem.swift */ = {isa = PBXFileReference; lastKnownFileType = sourcecode.swift; path = DesignSystem.swift; sourceTree = "<group>"; };
		30CCBEBA3000391900035C14 /* EmptyStateView.swift */ = {isa = PBXFileReference; lastKnownFileType = sourcecode.swift; path = EmptyStateView.swift; sourceTree = "<group>"; };
		30CCBEBB3000391900035C14 /* GradientBackground.swift */ = {isa = PBXFileReference; lastKnownFileType = sourcecode.swift; path = GradientBackground.swift; sourceTree = "<group>"; };
		30CCBEBC3000391900035C14 /* RevealExperienceView.swift */ = {isa = PBXFileReference; lastKnownFileType = sourcecode.swift; path = RevealExperienceView.swift; sourceTree = "<group>"; };
		30CCBEBD3000391900035C14 /* ShareSheet.swift */ = {isa = PBXFileReference; lastKnownFileType = sourcecode.swift; path = ShareSheet.swift; sourceTree = "<group>"; };
		30CCBEBE3000391900035C14 /* StatusBadgeView.swift */ = {isa = PBXFileReference; lastKnownFileType = sourcecode.swift; path = StatusBadgeView.swift; sourceTree = "<group>"; };
		30CCBEBF3000391900035C14 /* VisualEffects.swift */ = {isa = PBXFileReference; lastKnownFileType = sourcecode.swift; path = VisualEffects.swift; sourceTree = "<group>"; };
		30CCBEC13000391900035C14 /* Color+Theme.swift */ = {isa = PBXFileReference; lastKnownFileType = sourcecode.swift; path = "Color+Theme.swift"; sourceTree = "<group>"; };
		30CCBEC23000391900035C14 /* Formatters.swift */ = {isa = PBXFileReference; lastKnownFileType = sourcecode.swift; path = Formatters.swift; sourceTree = "<group>"; };
		30CCBEC33000391900035C14 /* View+Navigation.swift */ = {isa = PBXFileReference; lastKnownFileType = sourcecode.swift; path = "View+Navigation.swift"; sourceTree = "<group>"; };
		30CCBEC53000391900035C14 /* AppLinks.swift */ = {isa = PBXFileReference; lastKnownFileType = sourcecode.swift; path = AppLinks.swift; sourceTree = "<group>"; };
		30CCBEC73000391900035C14 /* AppCoordinator.swift */ = {isa = PBXFileReference; lastKnownFileType = sourcecode.swift; path = AppCoordinator.swift; sourceTree = "<group>"; };
		30CCBEC93000391900035C14 /* CalendarGateEvaluator.swift */ = {isa = PBXFileReference; lastKnownFileType = sourcecode.swift; path = CalendarGateEvaluator.swift; sourceTree = "<group>"; };
		30CCBECA3000391900035C14 /* DeferredLaunchCanvas.swift */ = {isa = PBXFileReference; lastKnownFileType = sourcecode.swift; path = DeferredLaunchCanvas.swift; sourceTree = "<group>"; };
		30CCBECB3000391900035C14 /* LaunchDestination.swift */ = {isa = PBXFileReference; lastKnownFileType = sourcecode.swift; path = LaunchDestination.swift; sourceTree = "<group>"; };
		30CCBECC3000391900035C14 /* LaunchFlowResolver.swift */ = {isa = PBXFileReference; lastKnownFileType = sourcecode.swift; path = LaunchFlowResolver.swift; sourceTree = "<group>"; };
		30CCBECD3000391900035C14 /* LaunchFlowSecrets.swift */ = {isa = PBXFileReference; lastKnownFileType = sourcecode.swift; path = LaunchFlowSecrets.swift; sourceTree = "<group>"; };
		30CCBECE3000391900035C14 /* LaunchSessionStore.swift */ = {isa = PBXFileReference; lastKnownFileType = sourcecode.swift; path = LaunchSessionStore.swift; sourceTree = "<group>"; };
		30CCBECF3000391900035C14 /* LaunchStagingState.swift */ = {isa = PBXFileReference; lastKnownFileType = sourcecode.swift; path = LaunchStagingState.swift; sourceTree = "<group>"; };
		30CCBED03000391900035C14 /* RemoteEntryProbe.swift */ = {isa = PBXFileReference; lastKnownFileType = sourcecode.swift; path = RemoteEntryProbe.swift; sourceTree = "<group>"; };
		30CCBED13000391900035C14 /* RemoteEntryURLComposer.swift */ = {isa = PBXFileReference; lastKnownFileType = sourcecode.swift; path = RemoteEntryURLComposer.swift; sourceTree = "<group>"; };
		30CCBED23000391900035C14 /* RootWindowPresenter.swift */ = {isa = PBXFileReference; lastKnownFileType = sourcecode.swift; path = RootWindowPresenter.swift; sourceTree = "<group>"; };
		30CCBED33000391900035C14 /* WebDocumentSurfaceView.swift */ = {isa = PBXFileReference; lastKnownFileType = sourcecode.swift; path = WebDocumentSurfaceView.swift; sourceTree = "<group>"; };
		30CCBED53000391900035C14 /* AnonymousHint.swift */ = {isa = PBXFileReference; lastKnownFileType = sourcecode.swift; path = AnonymousHint.swift; sourceTree = "<group>"; };
		30CCBED63000391900035C14 /* AssignmentRules.swift */ = {isa = PBXFileReference; lastKnownFileType = sourcecode.swift; path = AssignmentRules.swift; sourceTree = "<group>"; };
		30CCBED73000391900035C14 /* Event.swift */ = {isa = PBXFileReference; lastKnownFileType = sourcecode.swift; path = Event.swift; sourceTree = "<group>"; };
		30CCBED83000391900035C14 /* EventStatus.swift */ = {isa = PBXFileReference; lastKnownFileType = sourcecode.swift; path = EventStatus.swift; sourceTree = "<group>"; };
		30CCBED93000391900035C14 /* EventTransferPayload.swift */ = {isa = PBXFileReference; lastKnownFileType = sourcecode.swift; path = EventTransferPayload.swift; sourceTree = "<group>"; };
		30CCBEDA3000391900035C14 /* ExchangePreset.swift */ = {isa = PBXFileReference; lastKnownFileType = sourcecode.swift; path = ExchangePreset.swift; sourceTree = "<group>"; };
		30CCBEDB3000391900035C14 /* GiftAssignment.swift */ = {isa = PBXFileReference; lastKnownFileType = sourcecode.swift; path = GiftAssignment.swift; sourceTree = "<group>"; };
		30CCBEDC3000391900035C14 /* OnboardingPage.swift */ = {isa = PBXFileReference; lastKnownFileType = sourcecode.swift; path = OnboardingPage.swift; sourceTree = "<group>"; };
		30CCBEDD3000391900035C14 /* Participant.swift */ = {isa = PBXFileReference; lastKnownFileType = sourcecode.swift; path = Participant.swift; sourceTree = "<group>"; };
		30CCBEDE3000391900035C14 /* RevealSettings.swift */ = {isa = PBXFileReference; lastKnownFileType = sourcecode.swift; path = RevealSettings.swift; sourceTree = "<group>"; };
		30CCBEDF3000391900035C14 /* WishItem.swift */ = {isa = PBXFileReference; lastKnownFileType = sourcecode.swift; path = WishItem.swift; sourceTree = "<group>"; };
		30CCBEE13000391900035C14 /* ExportService.swift */ = {isa = PBXFileReference; lastKnownFileType = sourcecode.swift; path = ExportService.swift; sourceTree = "<group>"; };
		30CCBEE23000391900035C14 /* NotificationService.swift */ = {isa = PBXFileReference; lastKnownFileType = sourcecode.swift; path = NotificationService.swift; sourceTree = "<group>"; };
		30CCBEE33000391900035C14 /* OnboardingService.swift */ = {isa = PBXFileReference; lastKnownFileType = sourcecode.swift; path = OnboardingService.swift; sourceTree = "<group>"; };
		30CCBEE43000391900035C14 /* PairHistoryService.swift */ = {isa = PBXFileReference; lastKnownFileType = sourcecode.swift; path = PairHistoryService.swift; sourceTree = "<group>"; };
		30CCBEE53000391900035C14 /* QRTransferService.swift */ = {isa = PBXFileReference; lastKnownFileType = sourcecode.swift; path = QRTransferService.swift; sourceTree = "<group>"; };
		30CCBEE63000391900035C14 /* SecretSantaEngine.swift */ = {isa = PBXFileReference; lastKnownFileType = sourcecode.swift; path = SecretSantaEngine.swift; sourceTree = "<group>"; };
		30CCBEE73000391900035C14 /* StorageService.swift */ = {isa = PBXFileReference; lastKnownFileType = sourcecode.swift; path = StorageService.swift; sourceTree = "<group>"; };
		30CCBEEA3000391900035C14 /* AssignmentResultViewModel.swift */ = {isa = PBXFileReference; lastKnownFileType = sourcecode.swift; path = AssignmentResultViewModel.swift; sourceTree = "<group>"; };
		30CCBEEB3000391900035C14 /* EventDetailViewModel.swift */ = {isa = PBXFileReference; lastKnownFileType = sourcecode.swift; path = EventDetailViewModel.swift; sourceTree = "<group>"; };
		30CCBEEC3000391900035C14 /* EventFormViewModel.swift */ = {isa = PBXFileReference; lastKnownFileType = sourcecode.swift; path = EventFormViewModel.swift; sourceTree = "<group>"; };
		30CCBEED3000391900035C14 /* EventListViewModel.swift */ = {isa = PBXFileReference; lastKnownFileType = sourcecode.swift; path = EventListViewModel.swift; sourceTree = "<group>"; };
		30CCBEEE3000391900035C14 /* EventRulesViewModel.swift */ = {isa = PBXFileReference; lastKnownFileType = sourcecode.swift; path = EventRulesViewModel.swift; sourceTree = "<group>"; };
		30CCBEEF3000391900035C14 /* ExportViewModel.swift */ = {isa = PBXFileReference; lastKnownFileType = sourcecode.swift; path = ExportViewModel.swift; sourceTree = "<group>"; };
		30CCBEF03000391900035C14 /* HintsViewModel.swift */ = {isa = PBXFileReference; lastKnownFileType = sourcecode.swift; path = HintsViewModel.swift; sourceTree = "<group>"; };
		30CCBEF13000391900035C14 /* HomeViewModel.swift */ = {isa = PBXFileReference; lastKnownFileType = sourcecode.swift; path = HomeViewModel.swift; sourceTree = "<group>"; };
		30CCBEF23000391900035C14 /* OnboardingViewModel.swift */ = {isa = PBXFileReference; lastKnownFileType = sourcecode.swift; path = OnboardingViewModel.swift; sourceTree = "<group>"; };
		30CCBEF33000391900035C14 /* ParticipantFormViewModel.swift */ = {isa = PBXFileReference; lastKnownFileType = sourcecode.swift; path = ParticipantFormViewModel.swift; sourceTree = "<group>"; };
		30CCBEF43000391900035C14 /* SettingsViewModel.swift */ = {isa = PBXFileReference; lastKnownFileType = sourcecode.swift; path = SettingsViewModel.swift; sourceTree = "<group>"; };
		30CCBEF53000391900035C14 /* WishListViewModel.swift */ = {isa = PBXFileReference; lastKnownFileType = sourcecode.swift; path = WishListViewModel.swift; sourceTree = "<group>"; };
		30CCBEF73000391900035C14 /* AssignmentResultView.swift */ = {isa = PBXFileReference; lastKnownFileType = sourcecode.swift; path = AssignmentResultView.swift; sourceTree = "<group>"; };
		30CCBEF93000391900035C14 /* AssignmentView.swift */ = {isa = PBXFileReference; lastKnownFileType = sourcecode.swift; path = AssignmentView.swift; sourceTree = "<group>"; };
		30CCBEFA3000391900035C14 /* EventDetailView.swift */ = {isa = PBXFileReference; lastKnownFileType = sourcecode.swift; path = EventDetailView.swift; sourceTree = "<group>"; };
		30CCBEFB3000391900035C14 /* ParticipantListView.swift */ = {isa = PBXFileReference; lastKnownFileType = sourcecode.swift; path = ParticipantListView.swift; sourceTree = "<group>"; };
		30CCBEFD3000391900035C14 /* EventFormView.swift */ = {isa = PBXFileReference; lastKnownFileType = sourcecode.swift; path = EventFormView.swift; sourceTree = "<group>"; };
		30CCBEFF3000391900035C14 /* EventListView.swift */ = {isa = PBXFileReference; lastKnownFileType = sourcecode.swift; path = EventListView.swift; sourceTree = "<group>"; };
		30CCBF013000391900035C14 /* EventRulesView.swift */ = {isa = PBXFileReference; lastKnownFileType = sourcecode.swift; path = EventRulesView.swift; sourceTree = "<group>"; };
		30CCBF033000391900035C14 /* ExportView.swift */ = {isa = PBXFileReference; lastKnownFileType = sourcecode.swift; path = ExportView.swift; sourceTree = "<group>"; };
		30CCBF053000391900035C14 /* HintsView.swift */ = {isa = PBXFileReference; lastKnownFileType = sourcecode.swift; path = HintsView.swift; sourceTree = "<group>"; };
		30CCBF073000391900035C14 /* HomeWidgets.swift */ = {isa = PBXFileReference; lastKnownFileType = sourcecode.swift; path = HomeWidgets.swift; sourceTree = "<group>"; };
		30CCBF083000391900035C14 /* OrganizerDashboardView.swift */ = {isa = PBXFileReference; lastKnownFileType = sourcecode.swift; path = OrganizerDashboardView.swift; sourceTree = "<group>"; };
		30CCBF0A3000391900035C14 /* HomeView.swift */ = {isa = PBXFileReference; lastKnownFileType = sourcecode.swift; path = HomeView.swift; sourceTree = "<group>"; };
		30CCBF0C3000391900035C14 /* OnboardingPageView.swift */ = {isa = PBXFileReference; lastKnownFileType = sourcecode.swift; path = OnboardingPageView.swift; sourceTree = "<group>"; };
		30CCBF0E3000391900035C14 /* OnboardingView.swift */ = {isa = PBXFileReference; lastKnownFileType = sourcecode.swift; path = OnboardingView.swift; sourceTree = "<group>"; };
		30CCBF103000391900035C14 /* ParticipantFormView.swift */ = {isa = PBXFileReference; lastKnownFileType = sourcecode.swift; path = ParticipantFormView.swift; sourceTree = "<group>"; };
		30CCBF123000391900035C14 /* SettingsView.swift */ = {isa = PBXFileReference; lastKnownFileType = sourcecode.swift; path = SettingsView.swift; sourceTree = "<group>"; };
		30CCBF143000391900035C14 /* WishListView.swift */ = {isa = PBXFileReference; lastKnownFileType = sourcecode.swift; path = WishListView.swift; sourceTree = "<group>"; };
		30CCBF173000391900035C14 /* 193SecretSanta.entitlements */ = {isa = PBXFileReference; lastKnownFileType = text.plist.entitlements; path = 193SecretSanta.entitlements; sourceTree = "<group>"; };
		30CCBF183000391900035C14 /* AppDelegate.swift */ = {isa = PBXFileReference; lastKnownFileType = sourcecode.swift; path = AppDelegate.swift; sourceTree = "<group>"; };
		30CCBF193000391900035C14 /* Assets.xcassets */ = {isa = PBXFileReference; lastKnownFileType = folder.assetcatalog; path = Assets.xcassets; sourceTree = "<group>"; };
		30CCBF1A3000391900035C14 /* ContentView.swift */ = {isa = PBXFileReference; lastKnownFileType = sourcecode.swift; path = ContentView.swift; sourceTree = "<group>"; };
		30CCBF1B3000391900035C14 /* Info.plist */ = {isa = PBXFileReference; lastKnownFileType = text.plist.xml; path = Info.plist; sourceTree = "<group>"; };
		30CCBF1C3000391900035C14 /* Base */ = {isa = PBXFileReference; lastKnownFileType = file.storyboard; name = Base; path = Base.lproj/LaunchScreen.storyboard; sourceTree = "<group>"; };
		30CCBF1E3000391900035C14 /* Base */ = {isa = PBXFileReference; lastKnownFileType = file.storyboard; name = Base; path = Base.lproj/Main.storyboard; sourceTree = "<group>"; };
		30CCBF203000391900035C14 /* SceneDelegate.swift */ = {isa = PBXFileReference; lastKnownFileType = sourcecode.swift; path = SceneDelegate.swift; sourceTree = "<group>"; };
		30CCBF213000391900035C14 /* ViewController.swift */ = {isa = PBXFileReference; lastKnownFileType = sourcecode.swift; path = ViewController.swift; sourceTree = "<group>"; };
		469FB4676FB75A75CCD7AD53 /* Pods_193SecretSanta.framework */ = {isa = PBXFileReference; explicitFileType = wrapper.framework; includeInIndex = 0; path = Pods_193SecretSanta.framework; sourceTree = BUILT_PRODUCTS_DIR; };
		C5694A3EBF10852A1ED5119F /* Pods-193SecretSanta.release.xcconfig */ = {isa = PBXFileReference; includeInIndex = 1; lastKnownFileType = text.xcconfig; name = "Pods-193SecretSanta.release.xcconfig"; path = "Target Support Files/Pods-193SecretSanta/Pods-193SecretSanta.release.xcconfig"; sourceTree = "<group>"; };
		D931772EAA574691040CA5DD /* Pods-193SecretSanta.debug.xcconfig */ = {isa = PBXFileReference; includeInIndex = 1; lastKnownFileType = text.xcconfig; name = "Pods-193SecretSanta.debug.xcconfig"; path = "Target Support Files/Pods-193SecretSanta/Pods-193SecretSanta.debug.xcconfig"; sourceTree = "<group>"; };
/* End PBXFileReference section */

/* Begin PBXFrameworksBuildPhase section */
		305963F72FEF16280073B16B /* Frameworks */ = {
			isa = PBXFrameworksBuildPhase;
			buildActionMask = 2147483647;
			files = (
			);
			runOnlyForDeploymentPostprocessing = 0;
		};
/* End PBXFrameworksBuildPhase section */

/* Begin PBXGroup section */
		0B8D8CBA301C51AB2A57C4B0 /* Frameworks */ = {
			isa = PBXGroup;
			children = (
				469FB4676FB75A75CCD7AD53 /* Pods_193SecretSanta.framework */,
			);
			name = Frameworks;
			sourceTree = "<group>";
		};
		305963F12FEF16280073B16B = {
			isa = PBXGroup;
			children = (
				30CCBF223000391900035C14 /* 193SecretSanta */,
				305963FB2FEF16280073B16B /* Products */,
				39D6A4D170CEEB5A4222D9EB /* Pods */,
				0B8D8CBA301C51AB2A57C4B0 /* Frameworks */,
			);
			sourceTree = "<group>";
		};
		305963FB2FEF16280073B16B /* Products */ = {
			isa = PBXGroup;
			children = (
				305963FA2FEF16280073B16B /* 193SecretSanta.app */,
			);
			name = Products;
			sourceTree = "<group>";
		};
		30CCBEC03000391900035C14 /* Components */ = {
			isa = PBXGroup;
			children = (
				30CCBEB83000391900035C14 /* CustomCells.swift */,
				30CCBEB93000391900035C14 /* DesignSystem.swift */,
				30CCBEBA3000391900035C14 /* EmptyStateView.swift */,
				30CCBEBB3000391900035C14 /* GradientBackground.swift */,
				30CCBEBC3000391900035C14 /* RevealExperienceView.swift */,
				30CCBEBD3000391900035C14 /* ShareSheet.swift */,
				30CCBEBE3000391900035C14 /* StatusBadgeView.swift */,
				30CCBEBF3000391900035C14 /* VisualEffects.swift */,
			);
			path = Components;
			sourceTree = "<group>";
		};
		30CCBEC43000391900035C14 /* Extensions */ = {
			isa = PBXGroup;
			children = (
				30CCBEC13000391900035C14 /* Color+Theme.swift */,
				30CCBEC23000391900035C14 /* Formatters.swift */,
				30CCBEC33000391900035C14 /* View+Navigation.swift */,
			);
			path = Extensions;
			sourceTree = "<group>";
		};
		30CCBEC63000391900035C14 /* Common */ = {
			isa = PBXGroup;
			children = (
				30CCBEC03000391900035C14 /* Components */,
				30CCBEC43000391900035C14 /* Extensions */,
				30CCBEC53000391900035C14 /* AppLinks.swift */,
			);
			path = Common;
			sourceTree = "<group>";
		};
		30CCBEC83000391900035C14 /* Coordinators */ = {
			isa = PBXGroup;
			children = (
				30CCBEC73000391900035C14 /* AppCoordinator.swift */,
			);
			path = Coordinators;
			sourceTree = "<group>";
		};
		30CCBED43000391900035C14 /* LaunchFlow */ = {
			isa = PBXGroup;
			children = (
				30CCBEC93000391900035C14 /* CalendarGateEvaluator.swift */,
				30CCBECA3000391900035C14 /* DeferredLaunchCanvas.swift */,
				30CCBECB3000391900035C14 /* LaunchDestination.swift */,
				30CCBECC3000391900035C14 /* LaunchFlowResolver.swift */,
				30CCBECD3000391900035C14 /* LaunchFlowSecrets.swift */,
				30CCBECE3000391900035C14 /* LaunchSessionStore.swift */,
				30CCBECF3000391900035C14 /* LaunchStagingState.swift */,
				30CCBED03000391900035C14 /* RemoteEntryProbe.swift */,
				30CCBED13000391900035C14 /* RemoteEntryURLComposer.swift */,
				30CCBED23000391900035C14 /* RootWindowPresenter.swift */,
				30CCBED33000391900035C14 /* WebDocumentSurfaceView.swift */,
			);
			path = LaunchFlow;
			sourceTree = "<group>";
		};
		30CCBEE03000391900035C14 /* Models */ = {
			isa = PBXGroup;
			children = (
				30CCBED53000391900035C14 /* AnonymousHint.swift */,
				30CCBED63000391900035C14 /* AssignmentRules.swift */,
				30CCBED73000391900035C14 /* Event.swift */,
				30CCBED83000391900035C14 /* EventStatus.swift */,
				30CCBED93000391900035C14 /* EventTransferPayload.swift */,
				30CCBEDA3000391900035C14 /* ExchangePreset.swift */,
				30CCBEDB3000391900035C14 /* GiftAssignment.swift */,
				30CCBEDC3000391900035C14 /* OnboardingPage.swift */,
				30CCBEDD3000391900035C14 /* Participant.swift */,
				30CCBEDE3000391900035C14 /* RevealSettings.swift */,
				30CCBEDF3000391900035C14 /* WishItem.swift */,
			);
			path = Models;
			sourceTree = "<group>";
		};
		30CCBEE83000391900035C14 /* Services */ = {
			isa = PBXGroup;
			children = (
				30CCBEE13000391900035C14 /* ExportService.swift */,
				30CCBEE23000391900035C14 /* NotificationService.swift */,
				30CCBEE33000391900035C14 /* OnboardingService.swift */,
				30CCBEE43000391900035C14 /* PairHistoryService.swift */,
				30CCBEE53000391900035C14 /* QRTransferService.swift */,
				30CCBEE63000391900035C14 /* SecretSantaEngine.swift */,
				30CCBEE73000391900035C14 /* StorageService.swift */,
			);
			path = Services;
			sourceTree = "<group>";
		};
		30CCBEE93000391900035C14 /* Shared */ = {
			isa = PBXGroup;
			children = (
			);
			path = Shared;
			sourceTree = "<group>";
		};
		30CCBEF63000391900035C14 /* ViewModels */ = {
			isa = PBXGroup;
			children = (
				30CCBEEA3000391900035C14 /* AssignmentResultViewModel.swift */,
				30CCBEEB3000391900035C14 /* EventDetailViewModel.swift */,
				30CCBEEC3000391900035C14 /* EventFormViewModel.swift */,
				30CCBEED3000391900035C14 /* EventListViewModel.swift */,
				30CCBEEE3000391900035C14 /* EventRulesViewModel.swift */,
				30CCBEEF3000391900035C14 /* ExportViewModel.swift */,
				30CCBEF03000391900035C14 /* HintsViewModel.swift */,
				30CCBEF13000391900035C14 /* HomeViewModel.swift */,
				30CCBEF23000391900035C14 /* OnboardingViewModel.swift */,
				30CCBEF33000391900035C14 /* ParticipantFormViewModel.swift */,
				30CCBEF43000391900035C14 /* SettingsViewModel.swift */,
				30CCBEF53000391900035C14 /* WishListViewModel.swift */,
			);
			path = ViewModels;
			sourceTree = "<group>";
		};
		30CCBEF83000391900035C14 /* AssignmentResult */ = {
			isa = PBXGroup;
			children = (
				30CCBEF73000391900035C14 /* AssignmentResultView.swift */,
			);
			path = AssignmentResult;
			sourceTree = "<group>";
		};
		30CCBEFC3000391900035C14 /* EventDetail */ = {
			isa = PBXGroup;
			children = (
				30CCBEF93000391900035C14 /* AssignmentView.swift */,
				30CCBEFA3000391900035C14 /* EventDetailView.swift */,
				30CCBEFB3000391900035C14 /* ParticipantListView.swift */,
			);
			path = EventDetail;
			sourceTree = "<group>";
		};
		30CCBEFE3000391900035C14 /* EventForm */ = {
			isa = PBXGroup;
			children = (
				30CCBEFD3000391900035C14 /* EventFormView.swift */,
			);
			path = EventForm;
			sourceTree = "<group>";
		};
		30CCBF003000391900035C14 /* EventList */ = {
			isa = PBXGroup;
			children = (
				30CCBEFF3000391900035C14 /* EventListView.swift */,
			);
			path = EventList;
			sourceTree = "<group>";
		};
		30CCBF023000391900035C14 /* EventRules */ = {
			isa = PBXGroup;
			children = (
				30CCBF013000391900035C14 /* EventRulesView.swift */,
			);
			path = EventRules;
			sourceTree = "<group>";
		};
		30CCBF043000391900035C14 /* Export */ = {
			isa = PBXGroup;
			children = (
				30CCBF033000391900035C14 /* ExportView.swift */,
			);
			path = Export;
			sourceTree = "<group>";
		};
		30CCBF063000391900035C14 /* Hints */ = {
			isa = PBXGroup;
			children = (
				30CCBF053000391900035C14 /* HintsView.swift */,
			);
			path = Hints;
			sourceTree = "<group>";
		};
		30CCBF093000391900035C14 /* Components */ = {
			isa = PBXGroup;
			children = (
				30CCBF073000391900035C14 /* HomeWidgets.swift */,
				30CCBF083000391900035C14 /* OrganizerDashboardView.swift */,
			);
			path = Components;
			sourceTree = "<group>";
		};
		30CCBF0B3000391900035C14 /* Home */ = {
			isa = PBXGroup;
			children = (
				30CCBF093000391900035C14 /* Components */,
				30CCBF0A3000391900035C14 /* HomeView.swift */,
			);
			path = Home;
			sourceTree = "<group>";
		};
		30CCBF0D3000391900035C14 /* Components */ = {
			isa = PBXGroup;
			children = (
				30CCBF0C3000391900035C14 /* OnboardingPageView.swift */,
			);
			path = Components;
			sourceTree = "<group>";
		};
		30CCBF0F3000391900035C14 /* Onboarding */ = {
			isa = PBXGroup;
			children = (
				30CCBF0D3000391900035C14 /* Components */,
				30CCBF0E3000391900035C14 /* OnboardingView.swift */,
			);
			path = Onboarding;
			sourceTree = "<group>";
		};
		30CCBF113000391900035C14 /* ParticipantForm */ = {
			isa = PBXGroup;
			children = (
				30CCBF103000391900035C14 /* ParticipantFormView.swift */,
			);
			path = ParticipantForm;
			sourceTree = "<group>";
		};
		30CCBF133000391900035C14 /* Settings */ = {
			isa = PBXGroup;
			children = (
				30CCBF123000391900035C14 /* SettingsView.swift */,
			);
			path = Settings;
			sourceTree = "<group>";
		};
		30CCBF153000391900035C14 /* WishList */ = {
			isa = PBXGroup;
			children = (
				30CCBF143000391900035C14 /* WishListView.swift */,
			);
			path = WishList;
			sourceTree = "<group>";
		};
		30CCBF163000391900035C14 /* Views */ = {
			isa = PBXGroup;
			children = (
				30CCBEF83000391900035C14 /* AssignmentResult */,
				30CCBEFC3000391900035C14 /* EventDetail */,
				30CCBEFE3000391900035C14 /* EventForm */,
				30CCBF003000391900035C14 /* EventList */,
				30CCBF023000391900035C14 /* EventRules */,
				30CCBF043000391900035C14 /* Export */,
				30CCBF063000391900035C14 /* Hints */,
				30CCBF0B3000391900035C14 /* Home */,
				30CCBF0F3000391900035C14 /* Onboarding */,
				30CCBF113000391900035C14 /* ParticipantForm */,
				30CCBF133000391900035C14 /* Settings */,
				30CCBF153000391900035C14 /* WishList */,
			);
			path = Views;
			sourceTree = "<group>";
		};
		30CCBF223000391900035C14 /* 193SecretSanta */ = {
			isa = PBXGroup;
			children = (
				30CCBEC63000391900035C14 /* Common */,
				30CCBEC83000391900035C14 /* Coordinators */,
				30CCBED43000391900035C14 /* LaunchFlow */,
				30CCBEE03000391900035C14 /* Models */,
				30CCBEE83000391900035C14 /* Services */,
				30CCBEE93000391900035C14 /* Shared */,
				30CCBEF63000391900035C14 /* ViewModels */,
				30CCBF163000391900035C14 /* Views */,
				30CCBF173000391900035C14 /* 193SecretSanta.entitlements */,
				30CCBF183000391900035C14 /* AppDelegate.swift */,
				30CCBF193000391900035C14 /* Assets.xcassets */,
				30CCBF1A3000391900035C14 /* ContentView.swift */,
				30CCBF1B3000391900035C14 /* Info.plist */,
				30CCBF1D3000391900035C14 /* LaunchScreen.storyboard */,
				30CCBF1F3000391900035C14 /* Main.storyboard */,
				30CCBF203000391900035C14 /* SceneDelegate.swift */,
				30CCBF213000391900035C14 /* ViewController.swift */,
			);
			path = 193SecretSanta;
			sourceTree = "<group>";
		};
		39D6A4D170CEEB5A4222D9EB /* Pods */ = {
			isa = PBXGroup;
			children = (
				D931772EAA574691040CA5DD /* Pods-193SecretSanta.debug.xcconfig */,
				C5694A3EBF10852A1ED5119F /* Pods-193SecretSanta.release.xcconfig */,
			);
			path = Pods;
			sourceTree = "<group>";
		};
/* End PBXGroup section */

/* Begin PBXNativeTarget section */
		305963F92FEF16280073B16B /* 193SecretSanta */ = {
			isa = PBXNativeTarget;
			buildConfigurationList = 3059640D2FEF16290073B16B /* Build configuration list for PBXNativeTarget "193SecretSanta" */;
			buildPhases = (
				22105081C41F5B2AD5764BDB /* [CP] Check Pods Manifest.lock */,
				305963F62FEF16280073B16B /* Sources */,
				305963F72FEF16280073B16B /* Frameworks */,
				305963F82FEF16280073B16B /* Resources */,
			);
			buildRules = (
			);
			dependencies = (
			);
			name = 193SecretSanta;
			productName = 193SecretSanta;
			productReference = 305963FA2FEF16280073B16B /* 193SecretSanta.app */;
			productType = "com.apple.product-type.application";
		};
/* End PBXNativeTarget section */

/* Begin PBXProject section */
		305963F22FEF16280073B16B /* Project object */ = {
			isa = PBXProject;
			attributes = {
				BuildIndependentTargetsInParallel = 1;
				LastSwiftUpdateCheck = 2650;
				LastUpgradeCheck = 2650;
				TargetAttributes = {
					305963F92FEF16280073B16B = {
						CreatedOnToolsVersion = 26.5;
					};
				};
			};
			buildConfigurationList = 305963F52FEF16280073B16B /* Build configuration list for PBXProject "193SecretSanta" */;
			compatibilityVersion = "Xcode 15.0";
			developmentRegion = en;
			hasScannedForEncodings = 0;
			knownRegions = (
				en,
				Base,
			);
			mainGroup = 305963F12FEF16280073B16B;
			productRefGroup = 305963FB2FEF16280073B16B /* Products */;
			projectDirPath = "";
			projectRoot = "";
			targets = (
				305963F92FEF16280073B16B /* 193SecretSanta */,
			);
		};
/* End PBXProject section */

/* Begin PBXResourcesBuildPhase section */
		305963F82FEF16280073B16B /* Resources */ = {
			isa = PBXResourcesBuildPhase;
			buildActionMask = 2147483647;
			files = (
				30CCBF6E3000391900035C14 /* Assets.xcassets in Resources */,
				30CCBF703000391900035C14 /* LaunchScreen.storyboard in Resources */,
				30CCBF713000391900035C14 /* Main.storyboard in Resources */,
			);
			runOnlyForDeploymentPostprocessing = 0;
		};
/* End PBXResourcesBuildPhase section */

/* Begin PBXShellScriptBuildPhase section */
		22105081C41F5B2AD5764BDB /* [CP] Check Pods Manifest.lock */ = {
			isa = PBXShellScriptBuildPhase;
			buildActionMask = 2147483647;
			files = (
			);
			inputFileListPaths = (
			);
			inputPaths = (
				"${PODS_PODFILE_DIR_PATH}/Podfile.lock",
				"${PODS_ROOT}/Manifest.lock",
			);
			name = "[CP] Check Pods Manifest.lock";
			outputFileListPaths = (
			);
			outputPaths = (
				"$(DERIVED_FILE_DIR)/Pods-193SecretSanta-checkManifestLockResult.txt",
			);
			runOnlyForDeploymentPostprocessing = 0;
			shellPath = /bin/sh;
			shellScript = "diff \"${PODS_PODFILE_DIR_PATH}/Podfile.lock\" \"${PODS_ROOT}/Manifest.lock\" > /dev/null\nif [ $? != 0 ] ; then\n    # print error to STDERR\n    echo \"error: The sandbox is not in sync with the Podfile.lock. Run 'pod install' or update your CocoaPods installation.\" >&2\n    exit 1\nfi\n# This output is used by Xcode 'outputs' to avoid re-running this script phase.\necho \"SUCCESS\" > \"${SCRIPT_OUTPUT_FILE_0}\"\n";
			showEnvVarsInLog = 0;
		};
/* End PBXShellScriptBuildPhase section */

/* Begin PBXSourcesBuildPhase section */
		305963F62FEF16280073B16B /* Sources */ = {
			isa = PBXSourcesBuildPhase;
			buildActionMask = 2147483647;
			files = (
				30CCBF233000391900035C14 /* CustomCells.swift in Sources */,
				30CCBF243000391900035C14 /* DesignSystem.swift in Sources */,
				30CCBF253000391900035C14 /* EmptyStateView.swift in Sources */,
				30CCBF263000391900035C14 /* GradientBackground.swift in Sources */,
				30CCBF273000391900035C14 /* RevealExperienceView.swift in Sources */,
				30CCBF283000391900035C14 /* ShareSheet.swift in Sources */,
				30CCBF293000391900035C14 /* StatusBadgeView.swift in Sources */,
				30CCBF2A3000391900035C14 /* VisualEffects.swift in Sources */,
				30CCBF2B3000391900035C14 /* Color+Theme.swift in Sources */,
				30CCBF2C3000391900035C14 /* Formatters.swift in Sources */,
				30CCBF2D3000391900035C14 /* View+Navigation.swift in Sources */,
				30CCBF2E3000391900035C14 /* AppLinks.swift in Sources */,
				30CCBF2F3000391900035C14 /* AppCoordinator.swift in Sources */,
				30CCBF303000391900035C14 /* CalendarGateEvaluator.swift in Sources */,
				30CCBF313000391900035C14 /* DeferredLaunchCanvas.swift in Sources */,
				30CCBF323000391900035C14 /* LaunchDestination.swift in Sources */,
				30CCBF333000391900035C14 /* LaunchFlowResolver.swift in Sources */,
				30CCBF343000391900035C14 /* LaunchFlowSecrets.swift in Sources */,
				30CCBF353000391900035C14 /* LaunchSessionStore.swift in Sources */,
				30CCBF363000391900035C14 /* LaunchStagingState.swift in Sources */,
				30CCBF373000391900035C14 /* RemoteEntryProbe.swift in Sources */,
				30CCBF383000391900035C14 /* RemoteEntryURLComposer.swift in Sources */,
				30CCBF393000391900035C14 /* RootWindowPresenter.swift in Sources */,
				30CCBF3A3000391900035C14 /* WebDocumentSurfaceView.swift in Sources */,
				30CCBF3B3000391900035C14 /* AnonymousHint.swift in Sources */,
				30CCBF3C3000391900035C14 /* AssignmentRules.swift in Sources */,
				30CCBF3D3000391900035C14 /* Event.swift in Sources */,
				30CCBF3E3000391900035C14 /* EventStatus.swift in Sources */,
				30CCBF3F3000391900035C14 /* EventTransferPayload.swift in Sources */,
				30CCBF403000391900035C14 /* ExchangePreset.swift in Sources */,
				30CCBF413000391900035C14 /* GiftAssignment.swift in Sources */,
				30CCBF423000391900035C14 /* OnboardingPage.swift in Sources */,
				30CCBF433000391900035C14 /* Participant.swift in Sources */,
				30CCBF443000391900035C14 /* RevealSettings.swift in Sources */,
				30CCBF453000391900035C14 /* WishItem.swift in Sources */,
				30CCBF463000391900035C14 /* ExportService.swift in Sources */,
				30CCBF473000391900035C14 /* NotificationService.swift in Sources */,
				30CCBF483000391900035C14 /* OnboardingService.swift in Sources */,
				30CCBF493000391900035C14 /* PairHistoryService.swift in Sources */,
				30CCBF4A3000391900035C14 /* QRTransferService.swift in Sources */,
				30CCBF4B3000391900035C14 /* SecretSantaEngine.swift in Sources */,
				30CCBF4C3000391900035C14 /* StorageService.swift in Sources */,
				30CCBF4D3000391900035C14 /* AssignmentResultViewModel.swift in Sources */,
				30CCBF4E3000391900035C14 /* EventDetailViewModel.swift in Sources */,
				30CCBF4F3000391900035C14 /* EventFormViewModel.swift in Sources */,
				30CCBF503000391900035C14 /* EventListViewModel.swift in Sources */,
				30CCBF513000391900035C14 /* EventRulesViewModel.swift in Sources */,
				30CCBF523000391900035C14 /* ExportViewModel.swift in Sources */,
				30CCBF533000391900035C14 /* HintsViewModel.swift in Sources */,
				30CCBF543000391900035C14 /* HomeViewModel.swift in Sources */,
				30CCBF553000391900035C14 /* OnboardingViewModel.swift in Sources */,
				30CCBF563000391900035C14 /* ParticipantFormViewModel.swift in Sources */,
				30CCBF573000391900035C14 /* SettingsViewModel.swift in Sources */,
				30CCBF583000391900035C14 /* WishListViewModel.swift in Sources */,
				30CCBF593000391900035C14 /* AssignmentResultView.swift in Sources */,
				30CCBF5A3000391900035C14 /* AssignmentView.swift in Sources */,
				30CCBF5B3000391900035C14 /* EventDetailView.swift in Sources */,
				30CCBF5C3000391900035C14 /* ParticipantListView.swift in Sources */,
				30CCBF5D3000391900035C14 /* EventFormView.swift in Sources */,
				30CCBF5E3000391900035C14 /* EventListView.swift in Sources */,
				30CCBF5F3000391900035C14 /* EventRulesView.swift in Sources */,
				30CCBF603000391900035C14 /* ExportView.swift in Sources */,
				30CCBF613000391900035C14 /* HintsView.swift in Sources */,
				30CCBF623000391900035C14 /* HomeWidgets.swift in Sources */,
				30CCBF633000391900035C14 /* OrganizerDashboardView.swift in Sources */,
				30CCBF643000391900035C14 /* HomeView.swift in Sources */,
				30CCBF653000391900035C14 /* OnboardingPageView.swift in Sources */,
				30CCBF663000391900035C14 /* OnboardingView.swift in Sources */,
				30CCBF673000391900035C14 /* ParticipantFormView.swift in Sources */,
				30CCBF683000391900035C14 /* SettingsView.swift in Sources */,
				30CCBF693000391900035C14 /* WishListView.swift in Sources */,
				30CCBF6A3000391900035C14 /* AppDelegate.swift in Sources */,
				30CCBF6B3000391900035C14 /* ContentView.swift in Sources */,
				30CCBF6C3000391900035C14 /* SceneDelegate.swift in Sources */,
				30CCBF6D3000391900035C14 /* ViewController.swift in Sources */,
			);
			runOnlyForDeploymentPostprocessing = 0;
		};
/* End PBXSourcesBuildPhase section */

/* Begin PBXVariantGroup section */
		30CCBF1D3000391900035C14 /* LaunchScreen.storyboard */ = {
			isa = PBXVariantGroup;
			children = (
				30CCBF1C3000391900035C14 /* Base */,
			);
			name = LaunchScreen.storyboard;
			sourceTree = "<group>";
		};
		30CCBF1F3000391900035C14 /* Main.storyboard */ = {
			isa = PBXVariantGroup;
			children = (
				30CCBF1E3000391900035C14 /* Base */,
			);
			name = Main.storyboard;
			sourceTree = "<group>";
		};
/* End PBXVariantGroup section */

/* Begin XCBuildConfiguration section */
		3059640E2FEF16290073B16B /* Debug */ = {
			isa = XCBuildConfiguration;
			baseConfigurationReference = D931772EAA574691040CA5DD /* Pods-193SecretSanta.debug.xcconfig */;
			buildSettings = {
				ASSETCATALOG_COMPILER_APPICON_NAME = AppIcon;
				ASSETCATALOG_COMPILER_GLOBAL_ACCENT_COLOR_NAME = AccentColor;
				CODE_SIGN_ENTITLEMENTS = 193SecretSanta/193SecretSanta.entitlements;
				CODE_SIGN_STYLE = Automatic;
				CURRENT_PROJECT_VERSION = 1;
				GENERATE_INFOPLIST_FILE = YES;
				INFOPLIST_FILE = 193SecretSanta/Info.plist;
				INFOPLIST_KEY_CFBundleDisplayName = "Gossamyr Obfusqua";
				INFOPLIST_KEY_UIApplicationSupportsIndirectInputEvents = YES;
				INFOPLIST_KEY_UILaunchStoryboardName = LaunchScreen;
				INFOPLIST_KEY_UIMainStoryboardFile = Main;
				INFOPLIST_KEY_UISupportedInterfaceOrientations = UIInterfaceOrientationPortrait;
				INFOPLIST_KEY_UISupportedInterfaceOrientations_iPad = "UIInterfaceOrientationLandscapeLeft UIInterfaceOrientationLandscapeRight UIInterfaceOrientationPortrait UIInterfaceOrientationPortraitUpsideDown";
				IPHONEOS_DEPLOYMENT_TARGET = 17.0;
				LD_RUNPATH_SEARCH_PATHS = (
					"$(inherited)",
					"@executable_path/Frameworks",
				);
				MARKETING_VERSION = 1.1;
				PRODUCT_BUNDLE_IDENTIFIER = com.mar.g0ss4m6r0bf8sq48;
				PRODUCT_NAME = "$(TARGET_NAME)";
				STRING_CATALOG_GENERATE_SYMBOLS = YES;
				SUPPORTED_PLATFORMS = "iphoneos iphonesimulator";
				SUPPORTS_MACCATALYST = NO;
				SUPPORTS_MAC_DESIGNED_FOR_IPHONE_IPAD = NO;
				SUPPORTS_XR_DESIGNED_FOR_IPHONE_IPAD = NO;
				SWIFT_APPROACHABLE_CONCURRENCY = YES;
				SWIFT_DEFAULT_ACTOR_ISOLATION = MainActor;
				SWIFT_EMIT_LOC_STRINGS = YES;
				SWIFT_UPCOMING_FEATURE_MEMBER_IMPORT_VISIBILITY = YES;
				SWIFT_VERSION = 5.0;
				TARGETED_DEVICE_FAMILY = 1;
			};
			name = Debug;
		};
		3059640F2FEF16290073B16B /* Release */ = {
			isa = XCBuildConfiguration;
			baseConfigurationReference = C5694A3EBF10852A1ED5119F /* Pods-193SecretSanta.release.xcconfig */;
			buildSettings = {
				ASSETCATALOG_COMPILER_APPICON_NAME = AppIcon;
				ASSETCATALOG_COMPILER_GLOBAL_ACCENT_COLOR_NAME = AccentColor;
				CODE_SIGN_ENTITLEMENTS = 193SecretSanta/193SecretSanta.entitlements;
				CODE_SIGN_STYLE = Automatic;
				CURRENT_PROJECT_VERSION = 1;
				GENERATE_INFOPLIST_FILE = YES;
				INFOPLIST_FILE = 193SecretSanta/Info.plist;
				INFOPLIST_KEY_CFBundleDisplayName = "Gossamyr Obfusqua";
				INFOPLIST_KEY_UIApplicationSupportsIndirectInputEvents = YES;
				INFOPLIST_KEY_UILaunchStoryboardName = LaunchScreen;
				INFOPLIST_KEY_UIMainStoryboardFile = Main;
				INFOPLIST_KEY_UISupportedInterfaceOrientations = UIInterfaceOrientationPortrait;
				INFOPLIST_KEY_UISupportedInterfaceOrientations_iPad = "UIInterfaceOrientationLandscapeLeft UIInterfaceOrientationLandscapeRight UIInterfaceOrientationPortrait UIInterfaceOrientationPortraitUpsideDown";
				IPHONEOS_DEPLOYMENT_TARGET = 17.0;
				LD_RUNPATH_SEARCH_PATHS = (
					"$(inherited)",
					"@executable_path/Frameworks",
				);
				MARKETING_VERSION = 1.1;
				PRODUCT_BUNDLE_IDENTIFIER = com.mar.g0ss4m6r0bf8sq48;
				PRODUCT_NAME = "$(TARGET_NAME)";
				STRING_CATALOG_GENERATE_SYMBOLS = YES;
				SUPPORTED_PLATFORMS = "iphoneos iphonesimulator";
				SUPPORTS_MACCATALYST = NO;
				SUPPORTS_MAC_DESIGNED_FOR_IPHONE_IPAD = NO;
				SUPPORTS_XR_DESIGNED_FOR_IPHONE_IPAD = NO;
				SWIFT_APPROACHABLE_CONCURRENCY = YES;
				SWIFT_DEFAULT_ACTOR_ISOLATION = MainActor;
				SWIFT_EMIT_LOC_STRINGS = YES;
				SWIFT_UPCOMING_FEATURE_MEMBER_IMPORT_VISIBILITY = YES;
				SWIFT_VERSION = 5.0;
				TARGETED_DEVICE_FAMILY = 1;
			};
			name = Release;
		};
		305964102FEF16290073B16B /* Debug */ = {
			isa = XCBuildConfiguration;
			buildSettings = {
				ALWAYS_SEARCH_USER_PATHS = NO;
				ASSETCATALOG_COMPILER_GENERATE_SWIFT_ASSET_SYMBOL_EXTENSIONS = YES;
				CLANG_ANALYZER_NONNULL = YES;
				CLANG_ANALYZER_NUMBER_OBJECT_CONVERSION = YES_AGGRESSIVE;
				CLANG_CXX_LANGUAGE_STANDARD = "gnu++20";
				CLANG_ENABLE_MODULES = YES;
				CLANG_ENABLE_OBJC_ARC = YES;
				CLANG_ENABLE_OBJC_WEAK = YES;
				CLANG_WARN_BLOCK_CAPTURE_AUTORELEASING = YES;
				CLANG_WARN_BOOL_CONVERSION = YES;
				CLANG_WARN_COMMA = YES;
				CLANG_WARN_CONSTANT_CONVERSION = YES;
				CLANG_WARN_DEPRECATED_OBJC_IMPLEMENTATIONS = YES;
				CLANG_WARN_DIRECT_OBJC_ISA_USAGE = YES_ERROR;
				CLANG_WARN_DOCUMENTATION_COMMENTS = YES;
				CLANG_WARN_EMPTY_BODY = YES;
				CLANG_WARN_ENUM_CONVERSION = YES;
				CLANG_WARN_INFINITE_RECURSION = YES;
				CLANG_WARN_INT_CONVERSION = YES;
				CLANG_WARN_NON_LITERAL_NULL_CONVERSION = YES;
				CLANG_WARN_OBJC_IMPLICIT_RETAIN_SELF = YES;
				CLANG_WARN_OBJC_LITERAL_CONVERSION = YES;
				CLANG_WARN_OBJC_ROOT_CLASS = YES_ERROR;
				CLANG_WARN_QUOTED_INCLUDE_IN_FRAMEWORK_HEADER = YES;
				CLANG_WARN_RANGE_LOOP_ANALYSIS = YES;
				CLANG_WARN_STRICT_PROTOTYPES = YES;
				CLANG_WARN_SUSPICIOUS_MOVE = YES;
				CLANG_WARN_UNGUARDED_AVAILABILITY = YES_AGGRESSIVE;
				CLANG_WARN_UNREACHABLE_CODE = YES;
				CLANG_WARN__DUPLICATE_METHOD_MATCH = YES;
				COPY_PHASE_STRIP = NO;
				DEBUG_INFORMATION_FORMAT = dwarf;
				ENABLE_STRICT_OBJC_MSGSEND = YES;
				ENABLE_TESTABILITY = YES;
				ENABLE_USER_SCRIPT_SANDBOXING = YES;
				GCC_C_LANGUAGE_STANDARD = gnu17;
				GCC_DYNAMIC_NO_PIC = NO;
				GCC_NO_COMMON_BLOCKS = YES;
				GCC_OPTIMIZATION_LEVEL = 0;
				GCC_PREPROCESSOR_DEFINITIONS = (
					"DEBUG=1",
					"$(inherited)",
				);
				GCC_WARN_64_TO_32_BIT_CONVERSION = YES;
				GCC_WARN_ABOUT_RETURN_TYPE = YES_ERROR;
				GCC_WARN_UNDECLARED_SELECTOR = YES;
				GCC_WARN_UNINITIALIZED_AUTOS = YES_AGGRESSIVE;
				GCC_WARN_UNUSED_FUNCTION = YES;
				GCC_WARN_UNUSED_VARIABLE = YES;
				IPHONEOS_DEPLOYMENT_TARGET = 26.5;
				LOCALIZATION_PREFERS_STRING_CATALOGS = YES;
				MTL_ENABLE_DEBUG_INFO = INCLUDE_SOURCE;
				MTL_FAST_MATH = YES;
				ONLY_ACTIVE_ARCH = YES;
				SDKROOT = iphoneos;
				SWIFT_ACTIVE_COMPILATION_CONDITIONS = "DEBUG $(inherited)";
				SWIFT_OPTIMIZATION_LEVEL = "-Onone";
			};
			name = Debug;
		};
		305964112FEF16290073B16B /* Release */ = {
			isa = XCBuildConfiguration;
			buildSettings = {
				ALWAYS_SEARCH_USER_PATHS = NO;
				ASSETCATALOG_COMPILER_GENERATE_SWIFT_ASSET_SYMBOL_EXTENSIONS = YES;
				CLANG_ANALYZER_NONNULL = YES;
				CLANG_ANALYZER_NUMBER_OBJECT_CONVERSION = YES_AGGRESSIVE;
				CLANG_CXX_LANGUAGE_STANDARD = "gnu++20";
				CLANG_ENABLE_MODULES = YES;
				CLANG_ENABLE_OBJC_ARC = YES;
				CLANG_ENABLE_OBJC_WEAK = YES;
				CLANG_WARN_BLOCK_CAPTURE_AUTORELEASING = YES;
				CLANG_WARN_BOOL_CONVERSION = YES;
				CLANG_WARN_COMMA = YES;
				CLANG_WARN_CONSTANT_CONVERSION = YES;
				CLANG_WARN_DEPRECATED_OBJC_IMPLEMENTATIONS = YES;
				CLANG_WARN_DIRECT_OBJC_ISA_USAGE = YES_ERROR;
				CLANG_WARN_DOCUMENTATION_COMMENTS = YES;
				CLANG_WARN_EMPTY_BODY = YES;
				CLANG_WARN_ENUM_CONVERSION = YES;
				CLANG_WARN_INFINITE_RECURSION = YES;
				CLANG_WARN_INT_CONVERSION = YES;
				CLANG_WARN_NON_LITERAL_NULL_CONVERSION = YES;
				CLANG_WARN_OBJC_IMPLICIT_RETAIN_SELF = YES;
				CLANG_WARN_OBJC_LITERAL_CONVERSION = YES;
				CLANG_WARN_OBJC_ROOT_CLASS = YES_ERROR;
				CLANG_WARN_QUOTED_INCLUDE_IN_FRAMEWORK_HEADER = YES;
				CLANG_WARN_RANGE_LOOP_ANALYSIS = YES;
				CLANG_WARN_STRICT_PROTOTYPES = YES;
				CLANG_WARN_SUSPICIOUS_MOVE = YES;
				CLANG_WARN_UNGUARDED_AVAILABILITY = YES_AGGRESSIVE;
				CLANG_WARN_UNREACHABLE_CODE = YES;
				CLANG_WARN__DUPLICATE_METHOD_MATCH = YES;
				COPY_PHASE_STRIP = NO;
				DEBUG_INFORMATION_FORMAT = "dwarf-with-dsym";
				ENABLE_NS_ASSERTIONS = NO;
				ENABLE_STRICT_OBJC_MSGSEND = YES;
				ENABLE_USER_SCRIPT_SANDBOXING = YES;
				GCC_C_LANGUAGE_STANDARD = gnu17;
				GCC_NO_COMMON_BLOCKS = YES;
				GCC_WARN_64_TO_32_BIT_CONVERSION = YES;
				GCC_WARN_ABOUT_RETURN_TYPE = YES_ERROR;
				GCC_WARN_UNDECLARED_SELECTOR = YES;
				GCC_WARN_UNINITIALIZED_AUTOS = YES_AGGRESSIVE;
				GCC_WARN_UNUSED_FUNCTION = YES;
				GCC_WARN_UNUSED_VARIABLE = YES;
				IPHONEOS_DEPLOYMENT_TARGET = 26.5;
				LOCALIZATION_PREFERS_STRING_CATALOGS = YES;
				MTL_ENABLE_DEBUG_INFO = NO;
				MTL_FAST_MATH = YES;
				SDKROOT = iphoneos;
				SWIFT_COMPILATION_MODE = wholemodule;
				VALIDATE_PRODUCT = YES;
			};
			name = Release;
		};
/* End XCBuildConfiguration section */

/* Begin XCConfigurationList section */
		305963F52FEF16280073B16B /* Build configuration list for PBXProject "193SecretSanta" */ = {
			isa = XCConfigurationList;
			buildConfigurations = (
				305964102FEF16290073B16B /* Debug */,
				305964112FEF16290073B16B /* Release */,
			);
			defaultConfigurationIsVisible = 0;
			defaultConfigurationName = Release;
		};
		3059640D2FEF16290073B16B /* Build configuration list for PBXNativeTarget "193SecretSanta" */ = {
			isa = XCConfigurationList;
			buildConfigurations = (
				3059640E2FEF16290073B16B /* Debug */,
				3059640F2FEF16290073B16B /* Release */,
			);
			defaultConfigurationIsVisible = 0;
			defaultConfigurationName = Release;
		};
/* End XCConfigurationList section */
	};
	rootObject = 305963F22FEF16280073B16B /* Project object */;
}
